
Microsoft Visual Studio Solution File, Format Version 12.00
# Visual Studio 15
VisualStudioVersion = 15.0.27130.2036
MinimumVisualStudioVersion = 10.0.40219.1
Project("{9A19103F-16F7-4668-BE54-9A1E7A4F7556}") = "PTZ.Frw.WebAPI", "PTZ.Frw.WebAPI\PTZ.Frw.WebAPI.csproj", "{8B7A3F3D-02F0-4B67-AAA7-E90B90941A1D}"
EndProject
Project("{E53339B2-1760-4266-BCC7-CA923CBCF16C}") = "docker-compose", "docker-compose.dcproj", "{627F9063-1EDE-4F01-9EFC-6DC7EE32A124}"
EndProject
Project("{9A19103F-16F7-4668-BE54-9A1E7A4F7556}") = "PTZ.Frw.WebAPI.Tests", "PTZ.Frw.WebAPI.Tests\PTZ.Frw.WebAPI.Tests.csproj", "{C00A4154-D3A9-4CB3-BC24-008684DCF2F5}"
EndProject
Project("{2150E333-8FDC-42A3-9474-1A3956D46DE8}") = "WebAPI", "WebAPI", "{2A4D4A57-0803-430A-B8EE-9E662AEA8E6F}"
EndProject
Project("{2150E333-8FDC-42A3-9474-1A3956D46DE8}") = "DataAccess", "DataAccess", "{87D2701C-1474-4A1D-953E-71DDF5E40149}"
EndProject
Project("{2150E333-8FDC-42A3-9474-1A3956D46DE8}") = "Utils", "Utils", "{8912924E-EADF-4AC4-97FA-15962F4A793A}"
EndProject
Project("{9A19103F-16F7-4668-BE54-9A1E7A4F7556}") = "PTZ.Frw.Utils", "PTZ.Frw.Utils\PTZ.Frw.Utils.csproj", "{694400FC-44AC-45F1-9B07-C66394AC951A}"
EndProject
Project("{9A19103F-16F7-4668-BE54-9A1E7A4F7556}") = "PTZ.Frw.DataAccess", "PTZ.Frw.DataAccess\PTZ.Frw.DataAccess.csproj", "{D41A9D45-0C3A-4058-94C9-E9A6722F485F}"
EndProject
Project("{9A19103F-16F7-4668-BE54-9A1E7A4F7556}") = "PTZ.Frw.DataAccess.EF", "PTZ.Frw.DataAccess.EF\PTZ.Frw.DataAccess.EF.csproj", "{995718FA-5192-4428-9261-079FE61F7806}"
EndProject
Project("{9A19103F-16F7-4668-BE54-9A1E7A4F7556}") = "PTZ.Frw.WebAPI.Library", "PTZ.Frw.WebApi.Library\PTZ.Frw.WebAPI.Library.csproj", "{AB393696-2463-4B30-926E-49D66732E64C}"
EndProject
Project("{2150E333-8FDC-42A3-9474-1A3956D46DE8}") = "WebApp", "WebApp", "{8D049163-B974-4E38-A8E8-2C39D92D98C5}"
EndProject
Global
	GlobalSection(SolutionConfigurationPlatforms) = preSolution
		Debug|Any CPU = Debug|Any CPU
		Release|Any CPU = Release|Any CPU
	EndGlobalSection
	GlobalSection(ProjectConfigurationPlatforms) = postSolution
		{8B7A3F3D-02F0-4B67-AAA7-E90B90941A1D}.Debug|Any CPU.ActiveCfg = Debug|Any CPU
		{8B7A3F3D-02F0-4B67-AAA7-E90B90941A1D}.Debug|Any CPU.Build.0 = Debug|Any CPU
		{8B7A3F3D-02F0-4B67-AAA7-E90B90941A1D}.Release|Any CPU.ActiveCfg = Release|Any CPU
		{8B7A3F3D-02F0-4B67-AAA7-E90B90941A1D}.Release|Any CPU.Build.0 = Release|Any CPU
		{627F9063-1EDE-4F01-9EFC-6DC7EE32A124}.Debug|Any CPU.ActiveCfg = Debug|Any CPU
		{627F9063-1EDE-4F01-9EFC-6DC7EE32A124}.Debug|Any CPU.Build.0 = Debug|Any CPU
		{627F9063-1EDE-4F01-9EFC-6DC7EE32A124}.Release|Any CPU.ActiveCfg = Release|Any CPU
		{627F9063-1EDE-4F01-9EFC-6DC7EE32A124}.Release|Any CPU.Build.0 = Release|Any CPU
		{C00A4154-D3A9-4CB3-BC24-008684DCF2F5}.Debug|Any CPU.ActiveCfg = Debug|Any CPU
		{C00A4154-D3A9-4CB3-BC24-008684DCF2F5}.Debug|Any CPU.Build.0 = Debug|Any CPU
		{C00A4154-D3A9-4CB3-BC24-008684DCF2F5}.Release|Any CPU.ActiveCfg = Release|Any CPU
		{C00A4154-D3A9-4CB3-BC24-008684DCF2F5}.Release|Any CPU.Build.0 = Release|Any CPU
		{694400FC-44AC-45F1-9B07-C66394AC951A}.Debug|Any CPU.ActiveCfg = Debug|Any CPU
		{694400FC-44AC-45F1-9B07-C66394AC951A}.Debug|Any CPU.Build.0 = Debug|Any CPU
		{694400FC-44AC-45F1-9B07-C66394AC951A}.Release|Any CPU.ActiveCfg = Release|Any CPU
		{694400FC-44AC-45F1-9B07-C66394AC951A}.Release|Any CPU.Build.0 = Release|Any CPU
		{D41A9D45-0C3A-4058-94C9-E9A6722F485F}.Debug|Any CPU.ActiveCfg = Debug|Any CPU
		{D41A9D45-0C3A-4058-94C9-E9A6722F485F}.Debug|Any CPU.Build.0 = Debug|Any CPU
		{D41A9D45-0C3A-4058-94C9-E9A6722F485F}.Release|Any CPU.ActiveCfg = Release|Any CPU
		{D41A9D45-0C3A-4058-94C9-E9A6722F485F}.Release|Any CPU.Build.0 = Release|Any CPU
		{995718FA-5192-4428-9261-079FE61F7806}.Debug|Any CPU.ActiveCfg = Debug|Any CPU
		{995718FA-5192-4428-9261-079FE61F7806}.Debug|Any CPU.Build.0 = Debug|Any CPU
		{995718FA-5192-4428-9261-079FE61F7806}.Release|Any CPU.ActiveCfg = Release|Any CPU
		{995718FA-5192-4428-9261-079FE61F7806}.Release|Any CPU.Build.0 = Release|Any CPU
		{AB393696-2463-4B30-926E-49D66732E64C}.Debug|Any CPU.ActiveCfg = Debug|Any CPU
		{AB393696-2463-4B30-926E-49D66732E64C}.Debug|Any CPU.Build.0 = Debug|Any CPU
		{AB393696-2463-4B30-926E-49D66732E64C}.Release|Any CPU.ActiveCfg = Release|Any CPU
		{AB393696-2463-4B30-926E-49D66732E64C}.Release|Any CPU.Build.0 = Release|Any CPU
	EndGlobalSection
	GlobalSection(SolutionProperties) = preSolution
		HideSolutionNode = FALSE
	EndGlobalSection
	GlobalSection(NestedProjects) = preSolution
		{8B7A3F3D-02F0-4B67-AAA7-E90B90941A1D} = {2A4D4A57-0803-430A-B8EE-9E662AEA8E6F}
		{C00A4154-D3A9-4CB3-BC24-008684DCF2F5} = {2A4D4A57-0803-430A-B8EE-9E662AEA8E6F}
		{694400FC-44AC-45F1-9B07-C66394AC951A} = {8912924E-EADF-4AC4-97FA-15962F4A793A}
		{D41A9D45-0C3A-4058-94C9-E9A6722F485F} = {87D2701C-1474-4A1D-953E-71DDF5E40149}
		{995718FA-5192-4428-9261-079FE61F7806} = {87D2701C-1474-4A1D-953E-71DDF5E40149}
		{AB393696-2463-4B30-926E-49D66732E64C} = {2A4D4A57-0803-430A-B8EE-9E662AEA8E6F}
	EndGlobalSection
	GlobalSection(ExtensibilityGlobals) = postSolution
		SolutionGuid = {DAE2B819-4BD8-4C45-9EDA-66437841B16F}
	EndGlobalSection
EndGlobal
