
Microsoft Visual Studio Solution File, Format Version 12.00
# Visual Studio 15
VisualStudioVersion = 15.0.27130.2027
MinimumVisualStudioVersion = 10.0.40219.1
Project("{FAE04EC0-301F-11D3-BF4B-00C04F79EFBC}") = "PTZ.Frw.WebAPI", "PTZ.Frw.WebAPI\PTZ.Frw.WebAPI.csproj", "{8B7A3F3D-02F0-4B67-AAA7-E90B90941A1D}"
EndProject
Project("{E53339B2-1760-4266-BCC7-CA923CBCF16C}") = "docker-compose", "docker-compose.dcproj", "{627F9063-1EDE-4F01-9EFC-6DC7EE32A124}"
EndProject
Global
	GlobalSection(SolutionConfigurationPlatforms) = preSolution
		Debug|Any CPU = Debug|Any CPU
		Release|Any CPU = Release|Any CPU
	EndGlobalSection
	GlobalSection(ProjectConfigurationPlatforms) = postSolution
		{8B7A3F3D-02F0-4B67-AAA7-E90B90941A1D}.Debug|Any CPU.ActiveCfg = Debug|Any CPU
		{8B7A3F3D-02F0-4B67-AAA7-E90B90941A1D}.Debug|Any CPU.Build.0 = Debug|Any CPU
		{8B7A3F3D-02F0-4B67-AAA7-E90B90941A1D}.Release|Any CPU.ActiveCfg = Release|Any CPU
		{8B7A3F3D-02F0-4B67-AAA7-E90B90941A1D}.Release|Any CPU.Build.0 = Release|Any CPU
		{627F9063-1EDE-4F01-9EFC-6DC7EE32A124}.Debug|Any CPU.ActiveCfg = Debug|Any CPU
		{627F9063-1EDE-4F01-9EFC-6DC7EE32A124}.Debug|Any CPU.Build.0 = Debug|Any CPU
		{627F9063-1EDE-4F01-9EFC-6DC7EE32A124}.Release|Any CPU.ActiveCfg = Release|Any CPU
		{627F9063-1EDE-4F01-9EFC-6DC7EE32A124}.Release|Any CPU.Build.0 = Release|Any CPU
	EndGlobalSection
	GlobalSection(SolutionProperties) = preSolution
		HideSolutionNode = FALSE
	EndGlobalSection
	GlobalSection(ExtensibilityGlobals) = postSolution
		SolutionGuid = {DAE2B819-4BD8-4C45-9EDA-66437841B16F}
	EndGlobalSection
EndGlobal
