
Microsoft Visual Studio Solution File, Format Version 12.00
# Visual Studio 15
VisualStudioVersion = 15.0.27130.2027
MinimumVisualStudioVersion = 10.0.40219.1
Project("{9A19103F-16F7-4668-BE54-9A1E7A4F7556}") = "PTZ.Frw.WebAPI", "PTZ.Frw.WebAPI\PTZ.Frw.WebAPI.csproj", "{8B7A3F3D-02F0-4B67-AAA7-E90B90941A1D}"
EndProject
Project("{E53339B2-1760-4266-BCC7-CA923CBCF16C}") = "docker-compose", "docker-compose.dcproj", "{627F9063-1EDE-4F01-9EFC-6DC7EE32A124}"
EndProject
Project("{9A19103F-16F7-4668-BE54-9A1E7A4F7556}") = "PTZ.Frw.WebAPI.Tests", "PTZ.Frw.WebAPI.Tests\PTZ.Frw.WebAPI.Tests.csproj", "{C00A4154-D3A9-4CB3-BC24-008684DCF2F5}"
EndProject
Project("{9A19103F-16F7-4668-BE54-9A1E7A4F7556}") = "PTZ.Frw.WebAPI.Models", "PTZ.Frw.WebAPI.Models\PTZ.Frw.WebAPI.Models.csproj", "{DFDB27AB-F28C-48CD-88AA-4ECD87081D7C}"
EndProject
Project("{9A19103F-16F7-4668-BE54-9A1E7A4F7556}") = "PTZ.Frw.DataAccess.Models", "PTZ.Frw.DataAccess.Models\PTZ.Frw.DataAccess.Models.csproj", "{D7F55C5F-5AFB-48C6-986E-14EE837F781B}"
EndProject
Project("{2150E333-8FDC-42A3-9474-1A3956D46DE8}") = "WebAPI", "WebAPI", "{2A4D4A57-0803-430A-B8EE-9E662AEA8E6F}"
EndProject
Project("{2150E333-8FDC-42A3-9474-1A3956D46DE8}") = "DataAccess", "DataAccess", "{87D2701C-1474-4A1D-953E-71DDF5E40149}"
EndProject
Project("{9A19103F-16F7-4668-BE54-9A1E7A4F7556}") = "PTZ.Frw.WebApi.Services", "PTZ.Frw.WebApi.Services\PTZ.Frw.WebApi.Services.csproj", "{556D2B29-D58F-4CD4-B347-6CADC761465A}"
EndProject
Project("{9A19103F-16F7-4668-BE54-9A1E7A4F7556}") = "PTZ.Frw.DataAccess.Services", "PTZ.Frw.DataAccess.Services\PTZ.Frw.DataAccess.Services.csproj", "{2973817E-DB43-461E-ADD5-285A91EFFA32}"
EndProject
Global
	GlobalSection(SolutionConfigurationPlatforms) = preSolution
		Debug|Any CPU = Debug|Any CPU
		Release|Any CPU = Release|Any CPU
	EndGlobalSection
	GlobalSection(ProjectConfigurationPlatforms) = postSolution
		{8B7A3F3D-02F0-4B67-AAA7-E90B90941A1D}.Debug|Any CPU.ActiveCfg = Debug|Any CPU
		{8B7A3F3D-02F0-4B67-AAA7-E90B90941A1D}.Debug|Any CPU.Build.0 = Debug|Any CPU
		{8B7A3F3D-02F0-4B67-AAA7-E90B90941A1D}.Release|Any CPU.ActiveCfg = Release|Any CPU
		{8B7A3F3D-02F0-4B67-AAA7-E90B90941A1D}.Release|Any CPU.Build.0 = Release|Any CPU
		{627F9063-1EDE-4F01-9EFC-6DC7EE32A124}.Debug|Any CPU.ActiveCfg = Debug|Any CPU
		{627F9063-1EDE-4F01-9EFC-6DC7EE32A124}.Debug|Any CPU.Build.0 = Debug|Any CPU
		{627F9063-1EDE-4F01-9EFC-6DC7EE32A124}.Release|Any CPU.ActiveCfg = Release|Any CPU
		{627F9063-1EDE-4F01-9EFC-6DC7EE32A124}.Release|Any CPU.Build.0 = Release|Any CPU
		{C00A4154-D3A9-4CB3-BC24-008684DCF2F5}.Debug|Any CPU.ActiveCfg = Debug|Any CPU
		{C00A4154-D3A9-4CB3-BC24-008684DCF2F5}.Debug|Any CPU.Build.0 = Debug|Any CPU
		{C00A4154-D3A9-4CB3-BC24-008684DCF2F5}.Release|Any CPU.ActiveCfg = Release|Any CPU
		{C00A4154-D3A9-4CB3-BC24-008684DCF2F5}.Release|Any CPU.Build.0 = Release|Any CPU
		{DFDB27AB-F28C-48CD-88AA-4ECD87081D7C}.Debug|Any CPU.ActiveCfg = Debug|Any CPU
		{DFDB27AB-F28C-48CD-88AA-4ECD87081D7C}.Debug|Any CPU.Build.0 = Debug|Any CPU
		{DFDB27AB-F28C-48CD-88AA-4ECD87081D7C}.Release|Any CPU.ActiveCfg = Release|Any CPU
		{DFDB27AB-F28C-48CD-88AA-4ECD87081D7C}.Release|Any CPU.Build.0 = Release|Any CPU
		{D7F55C5F-5AFB-48C6-986E-14EE837F781B}.Debug|Any CPU.ActiveCfg = Debug|Any CPU
		{D7F55C5F-5AFB-48C6-986E-14EE837F781B}.Debug|Any CPU.Build.0 = Debug|Any CPU
		{D7F55C5F-5AFB-48C6-986E-14EE837F781B}.Release|Any CPU.ActiveCfg = Release|Any CPU
		{D7F55C5F-5AFB-48C6-986E-14EE837F781B}.Release|Any CPU.Build.0 = Release|Any CPU
		{556D2B29-D58F-4CD4-B347-6CADC761465A}.Debug|Any CPU.ActiveCfg = Debug|Any CPU
		{556D2B29-D58F-4CD4-B347-6CADC761465A}.Debug|Any CPU.Build.0 = Debug|Any CPU
		{556D2B29-D58F-4CD4-B347-6CADC761465A}.Release|Any CPU.ActiveCfg = Release|Any CPU
		{556D2B29-D58F-4CD4-B347-6CADC761465A}.Release|Any CPU.Build.0 = Release|Any CPU
		{2973817E-DB43-461E-ADD5-285A91EFFA32}.Debug|Any CPU.ActiveCfg = Debug|Any CPU
		{2973817E-DB43-461E-ADD5-285A91EFFA32}.Debug|Any CPU.Build.0 = Debug|Any CPU
		{2973817E-DB43-461E-ADD5-285A91EFFA32}.Release|Any CPU.ActiveCfg = Release|Any CPU
		{2973817E-DB43-461E-ADD5-285A91EFFA32}.Release|Any CPU.Build.0 = Release|Any CPU
	EndGlobalSection
	GlobalSection(SolutionProperties) = preSolution
		HideSolutionNode = FALSE
	EndGlobalSection
	GlobalSection(NestedProjects) = preSolution
		{8B7A3F3D-02F0-4B67-AAA7-E90B90941A1D} = {2A4D4A57-0803-430A-B8EE-9E662AEA8E6F}
		{C00A4154-D3A9-4CB3-BC24-008684DCF2F5} = {2A4D4A57-0803-430A-B8EE-9E662AEA8E6F}
		{DFDB27AB-F28C-48CD-88AA-4ECD87081D7C} = {2A4D4A57-0803-430A-B8EE-9E662AEA8E6F}
		{D7F55C5F-5AFB-48C6-986E-14EE837F781B} = {87D2701C-1474-4A1D-953E-71DDF5E40149}
		{556D2B29-D58F-4CD4-B347-6CADC761465A} = {2A4D4A57-0803-430A-B8EE-9E662AEA8E6F}
		{2973817E-DB43-461E-ADD5-285A91EFFA32} = {87D2701C-1474-4A1D-953E-71DDF5E40149}
	EndGlobalSection
	GlobalSection(ExtensibilityGlobals) = postSolution
		SolutionGuid = {DAE2B819-4BD8-4C45-9EDA-66437841B16F}
	EndGlobalSection
EndGlobal
